
Microsoft Visual Studio Solution File, Format Version 12.00
# Visual Studio 14
VisualStudioVersion = 14.0.25420.1
MinimumVisualStudioVersion = 10.0.40219.1
Project("{FAE04EC0-301F-11D3-BF4B-00C04F79EFBC}") = "Sample.Web", "Sample.Web\Sample.Web.csproj", "{DC8711DA-3868-43DB-BD8E-59853ACA521F}"
EndProject
Project("{FAE04EC0-301F-11D3-BF4B-00C04F79EFBC}") = "Sample.Database", "Sample.Database\Sample.Database.csproj", "{EFF6C178-1C22-493B-9066-B5A49913FE00}"
EndProject
Project("{FAE04EC0-301F-11D3-BF4B-00C04F79EFBC}") = "Sample.Logic", "Sample.Logic\Sample.Logic.csproj", "{8917FA0C-3E45-4E2C-BC42-F5B69E4D5A54}"
EndProject
Project("{2150E333-8FDC-42A3-9474-1A3956D46DE8}") = "General", "General", "{B4758C48-9009-4B1F-974C-93729BB8971F}"
	ProjectSection(SolutionItems) = preProject
		Steps.txt = Steps.txt
	EndProjectSection
EndProject
Global
	GlobalSection(SolutionConfigurationPlatforms) = preSolution
		Debug|Any CPU = Debug|Any CPU
		Release|Any CPU = Release|Any CPU
	EndGlobalSection
	GlobalSection(ProjectConfigurationPlatforms) = postSolution
		{DC8711DA-3868-43DB-BD8E-59853ACA521F}.Debug|Any CPU.ActiveCfg = Debug|Any CPU
		{DC8711DA-3868-43DB-BD8E-59853ACA521F}.Debug|Any CPU.Build.0 = Debug|Any CPU
		{DC8711DA-3868-43DB-BD8E-59853ACA521F}.Release|Any CPU.ActiveCfg = Release|Any CPU
		{DC8711DA-3868-43DB-BD8E-59853ACA521F}.Release|Any CPU.Build.0 = Release|Any CPU
		{EFF6C178-1C22-493B-9066-B5A49913FE00}.Debug|Any CPU.ActiveCfg = Debug|Any CPU
		{EFF6C178-1C22-493B-9066-B5A49913FE00}.Debug|Any CPU.Build.0 = Debug|Any CPU
		{EFF6C178-1C22-493B-9066-B5A49913FE00}.Release|Any CPU.ActiveCfg = Release|Any CPU
		{EFF6C178-1C22-493B-9066-B5A49913FE00}.Release|Any CPU.Build.0 = Release|Any CPU
		{8917FA0C-3E45-4E2C-BC42-F5B69E4D5A54}.Debug|Any CPU.ActiveCfg = Debug|Any CPU
		{8917FA0C-3E45-4E2C-BC42-F5B69E4D5A54}.Debug|Any CPU.Build.0 = Debug|Any CPU
		{8917FA0C-3E45-4E2C-BC42-F5B69E4D5A54}.Release|Any CPU.ActiveCfg = Release|Any CPU
		{8917FA0C-3E45-4E2C-BC42-F5B69E4D5A54}.Release|Any CPU.Build.0 = Release|Any CPU
	EndGlobalSection
	GlobalSection(SolutionProperties) = preSolution
		HideSolutionNode = FALSE
	EndGlobalSection
EndGlobal
